
Microsoft Visual Studio Solution File, Format Version 12.00
# Visual Studio Version 17
VisualStudioVersion = 17.3.32825.248
MinimumVisualStudioVersion = 10.0.40219.1
Project("{FAE04EC0-301F-11D3-BF4B-00C04F79EFBC}") = "EA.DesktopApp", "EA.DesktopApp\EA.DesktopApp.csproj", "{46EC73FE-4583-4089-A6D6-EBDC6E76FCA0}"
EndProject
Project("{FAE04EC0-301F-11D3-BF4B-00C04F79EFBC}") = "EA.TestClientForm", "EA.TestClientForm\EA.TestClientForm.csproj", "{2BA67277-6ABD-468E-AEE3-34DABA91B469}"
EndProject
Project("{9A19103F-16F7-4668-BE54-9A1E7A4F7556}") = "EA.ServerGateway", "EA.ServerGateway\EA.ServerGateway.csproj", "{0671F1AD-C5A0-4482-9660-C3E23E46B8B3}"
EndProject
Project("{9A19103F-16F7-4668-BE54-9A1E7A4F7556}") = "EA.Repository", "EA.Repository\EA.Repository.csproj", "{0EA7E61A-DD23-4EBB-B842-E43BC5D99DB8}"
EndProject
Project("{FAE04EC0-301F-11D3-BF4B-00C04F79EFBC}") = "EA.Services", "EA.Services\EA.Services.csproj", "{4E73B5CD-0440-49D5-A002-D9811783371B}"
EndProject
Global
	GlobalSection(SolutionConfigurationPlatforms) = preSolution
		Debug|Any CPU = Debug|Any CPU
		Release|Any CPU = Release|Any CPU
	EndGlobalSection
	GlobalSection(ProjectConfigurationPlatforms) = postSolution
		{46EC73FE-4583-4089-A6D6-EBDC6E76FCA0}.Debug|Any CPU.ActiveCfg = Debug|Any CPU
		{46EC73FE-4583-4089-A6D6-EBDC6E76FCA0}.Debug|Any CPU.Build.0 = Debug|Any CPU
		{46EC73FE-4583-4089-A6D6-EBDC6E76FCA0}.Release|Any CPU.ActiveCfg = Release|Any CPU
		{46EC73FE-4583-4089-A6D6-EBDC6E76FCA0}.Release|Any CPU.Build.0 = Release|Any CPU
		{2BA67277-6ABD-468E-AEE3-34DABA91B469}.Debug|Any CPU.ActiveCfg = Debug|Any CPU
		{2BA67277-6ABD-468E-AEE3-34DABA91B469}.Debug|Any CPU.Build.0 = Debug|Any CPU
		{2BA67277-6ABD-468E-AEE3-34DABA91B469}.Release|Any CPU.ActiveCfg = Release|Any CPU
		{2BA67277-6ABD-468E-AEE3-34DABA91B469}.Release|Any CPU.Build.0 = Release|Any CPU
		{0671F1AD-C5A0-4482-9660-C3E23E46B8B3}.Debug|Any CPU.ActiveCfg = Debug|Any CPU
		{0671F1AD-C5A0-4482-9660-C3E23E46B8B3}.Debug|Any CPU.Build.0 = Debug|Any CPU
		{0671F1AD-C5A0-4482-9660-C3E23E46B8B3}.Release|Any CPU.ActiveCfg = Release|Any CPU
		{0671F1AD-C5A0-4482-9660-C3E23E46B8B3}.Release|Any CPU.Build.0 = Release|Any CPU
		{0EA7E61A-DD23-4EBB-B842-E43BC5D99DB8}.Debug|Any CPU.ActiveCfg = Debug|Any CPU
		{0EA7E61A-DD23-4EBB-B842-E43BC5D99DB8}.Debug|Any CPU.Build.0 = Debug|Any CPU
		{0EA7E61A-DD23-4EBB-B842-E43BC5D99DB8}.Release|Any CPU.ActiveCfg = Release|Any CPU
		{0EA7E61A-DD23-4EBB-B842-E43BC5D99DB8}.Release|Any CPU.Build.0 = Release|Any CPU
		{4E73B5CD-0440-49D5-A002-D9811783371B}.Debug|Any CPU.ActiveCfg = Debug|Any CPU
		{4E73B5CD-0440-49D5-A002-D9811783371B}.Debug|Any CPU.Build.0 = Debug|Any CPU
		{4E73B5CD-0440-49D5-A002-D9811783371B}.Release|Any CPU.ActiveCfg = Release|Any CPU
		{4E73B5CD-0440-49D5-A002-D9811783371B}.Release|Any CPU.Build.0 = Release|Any CPU
	EndGlobalSection
	GlobalSection(SolutionProperties) = preSolution
		HideSolutionNode = FALSE
	EndGlobalSection
	GlobalSection(ExtensibilityGlobals) = postSolution
		SolutionGuid = {9F3449D9-9C21-4AD9-883F-D8B21AE00ABF}
	EndGlobalSection
EndGlobal
